// !$*UTF8*$!
{
	archiveVersion = 1;
	classes = {
	};
	objectVersion = 77;
	objects = {

/* Begin PBXBuildFile section */
		994ECF9D2E9B80F4001C73C3 /* Colors.swift in Sources */ = {isa = PBXBuildFile; fileRef = 994ECF7D2E9B7027001C73C3 /* Colors.swift */; };
		994ECF9E2E9B80F4001C73C3 /* MAButton.swift in Sources */ = {isa = PBXBuildFile; fileRef = 994ECF7E2E9B7027001C73C3 /* MAButton.swift */; };
		994ECF9F2E9B80F4001C73C3 /* MACard.swift in Sources */ = {isa = PBXBuildFile; fileRef = 994ECF7F2E9B7027001C73C3 /* MACard.swift */; };
		994ECFA02E9B80F4001C73C3 /* Spacing.swift in Sources */ = {isa = PBXBuildFile; fileRef = 994ECF802E9B7027001C73C3 /* Spacing.swift */; };
		994ECFA12E9B80F4001C73C3 /* Typography.swift in Sources */ = {isa = PBXBuildFile; fileRef = 994ECF812E9B7027001C73C3 /* Typography.swift */; };
		994ECFA22E9B80F4001C73C3 /* APIError.swift in Sources */ = {isa = PBXBuildFile; fileRef = 994ECF832E9B7027001C73C3 /* APIError.swift */; };
		994ECFA32E9B80F4001C73C3 /* HTTPClient.swift in Sources */ = {isa = PBXBuildFile; fileRef = 994ECF842E9B7027001C73C3 /* HTTPClient.swift */; };
		994ECFA42E9B80F4001C73C3 /* NetworkModels.swift in Sources */ = {isa = PBXBuildFile; fileRef = 994ECF852E9B7027001C73C3 /* NetworkModels.swift */; };
		994ECFA52E9B80F4001C73C3 /* AppState.swift in Sources */ = {isa = PBXBuildFile; fileRef = 994ECF872E9B7027001C73C3 /* AppState.swift */; };
		994ECFA62E9B80F4001C73C3 /* Constants.swift in Sources */ = {isa = PBXBuildFile; fileRef = 994ECF892E9B7027001C73C3 /* Constants.swift */; };
		994ECFA72E9B80F4001C73C3 /* Extensions.swift in Sources */ = {isa = PBXBuildFile; fileRef = 994ECF8A2E9B7027001C73C3 /* Extensions.swift */; };
		994ECFA82E9B80F4001C73C3 /* Helpers.swift in Sources */ = {isa = PBXBuildFile; fileRef = 994ECF8B2E9B7027001C73C3 /* Helpers.swift */; };
		994ECFA92E9B80F4001C73C3 /* HabitDTO.swift in Sources */ = {isa = PBXBuildFile; fileRef = 994ECF8E2E9B7027001C73C3 /* HabitDTO.swift */; };
		994ECFAA2E9B80F4001C73C3 /* MoodDTO.swift in Sources */ = {isa = PBXBuildFile; fileRef = 994ECF8F2E9B7027001C73C3 /* MoodDTO.swift */; };
		994ECFAB2E9B80F4001C73C3 /* RecommendationDTO.swift in Sources */ = {isa = PBXBuildFile; fileRef = 994ECF902E9B7027001C73C3 /* RecommendationDTO.swift */; };
		994ECFAC2E9B80F4001C73C3 /* UserDTO.swift in Sources */ = {isa = PBXBuildFile; fileRef = 994ECF912E9B7027001C73C3 /* UserDTO.swift */; };
		994ECFAD2E9B80F4001C73C3 /* Event.swift in Sources */ = {isa = PBXBuildFile; fileRef = 994ECF932E9B7027001C73C3 /* Event.swift */; };
		994ECFAE2E9B80F4001C73C3 /* Habit.swift in Sources */ = {isa = PBXBuildFile; fileRef = 994ECF942E9B7027001C73C3 /* Habit.swift */; };
		994ECFAF2E9B80F4001C73C3 /* HabitLog.swift in Sources */ = {isa = PBXBuildFile; fileRef = 994ECF952E9B7027001C73C3 /* HabitLog.swift */; };
		994ECFB02E9B80F4001C73C3 /* Mood.swift in Sources */ = {isa = PBXBuildFile; fileRef = 994ECF962E9B7027001C73C3 /* Mood.swift */; };
		994ECFB12E9B80F4001C73C3 /* Recommendation.swift in Sources */ = {isa = PBXBuildFile; fileRef = 994ECF972E9B7027001C73C3 /* Recommendation.swift */; };
		994ECFB22E9B80F4001C73C3 /* Session.swift in Sources */ = {isa = PBXBuildFile; fileRef = 994ECF982E9B7027001C73C3 /* Session.swift */; };
		994ECFB32E9B80F4001C73C3 /* User.swift in Sources */ = {isa = PBXBuildFile; fileRef = 994ECF992E9B7027001C73C3 /* User.swift */; };
		994ECFDA2E9B80F4001C73C3 /* AIService.swift in Sources */ = {isa = PBXBuildFile; fileRef = 994ECF412E9B7027001C73C3 /* AIService.swift */; };
		994ECFDB2E9B80F4001C73C3 /* AnalyticsService.swift in Sources */ = {isa = PBXBuildFile; fileRef = 994ECF422E9B7027001C73C3 /* AnalyticsService.swift */; };
		994ECFDC2E9B80F4001C73C3 /* AuthService.swift in Sources */ = {isa = PBXBuildFile; fileRef = 994ECF432E9B7027001C73C3 /* AuthService.swift */; };
		994ECFDD2E9B80F4001C73C3 /* DatabaseService.swift in Sources */ = {isa = PBXBuildFile; fileRef = 994ECF442E9B7027001C73C3 /* DatabaseService.swift */; };
		994ECFDE2E9B80F4001C73C3 /* SupabaseConfiguration.swift in Sources */ = {isa = PBXBuildFile; fileRef = 994ECF9C2E9B7CD9001C73C3 /* SupabaseConfiguration.swift */; };
		994ECFDF2E9B80F4001C73C3 /* NotificationService.swift in Sources */ = {isa = PBXBuildFile; fileRef = 994ECF452E9B7027001C73C3 /* NotificationService.swift */; };
		994ECFE02E9B80F4001C73C3 /* PurchaseService.swift in Sources */ = {isa = PBXBuildFile; fileRef = 994ECF462E9B7027001C73C3 /* PurchaseService.swift */; };
		994ECFF32E9BE5AA001C73C3 /* MAChip.swift in Sources */ = {isa = PBXBuildFile; fileRef = 994ECFF22E9BE59C001C73C3 /* MAChip.swift */; };
		994ECFF52E9BE5DB001C73C3 /* MASectionHeader.swift in Sources */ = {isa = PBXBuildFile; fileRef = 994ECFF42E9BE5D7001C73C3 /* MASectionHeader.swift */; };
		994ECFF72E9BE74A001C73C3 /* RecommendationResponse.swift in Sources */ = {isa = PBXBuildFile; fileRef = 994ECFF62E9BE740001C73C3 /* RecommendationResponse.swift */; };
		994ED0122E9BFCEA001C73C3 /* AuthServiceTests.swift in Sources */ = {isa = PBXBuildFile; fileRef = 994ED00E2E9BFCEA001C73C3 /* AuthServiceTests.swift */; };
		994ED0132E9BFCEA001C73C3 /* AIServiceTests.swift in Sources */ = {isa = PBXBuildFile; fileRef = 994ED00F2E9BFCEA001C73C3 /* AIServiceTests.swift */; };
		994ED0142E9BFCEA001C73C3 /* DatabaseServiceTests.swift in Sources */ = {isa = PBXBuildFile; fileRef = 994ED0102E9BFCEA001C73C3 /* DatabaseServiceTests.swift */; };
		994ED0152E9BFCEA001C73C3 /* SnaphotTests.swift in Sources */ = {isa = PBXBuildFile; fileRef = 994ED0112E9BFCEA001C73C3 /* SnaphotTests.swift */; };
		994ED02C2E9C116F001C73C3 /* CalendarView.swift in Sources */ = {isa = PBXBuildFile; fileRef = 994ECF4E2E9B7027001C73C3 /* CalendarView.swift */; };
		994ED02D2E9C116F001C73C3 /* CalendarViewModel.swift in Sources */ = {isa = PBXBuildFile; fileRef = 994ECF4F2E9B7027001C73C3 /* CalendarViewModel.swift */; };
		994ED02E2E9C116F001C73C3 /* EventCreationView.swift in Sources */ = {isa = PBXBuildFile; fileRef = 994ECF502E9B7027001C73C3 /* EventCreationView.swift */; };
		994ED02F2E9C116F001C73C3 /* EventListView.swift in Sources */ = {isa = PBXBuildFile; fileRef = 994ECF512E9B7027001C73C3 /* EventListView.swift */; };
		994ED0302E9C116F001C73C3 /* CoachAIView.swift in Sources */ = {isa = PBXBuildFile; fileRef = 994ECF532E9B7027001C73C3 /* CoachAIView.swift */; };
		994ED0312E9C116F001C73C3 /* CoachAIViewModel.swift in Sources */ = {isa = PBXBuildFile; fileRef = 994ECF542E9B7027001C73C3 /* CoachAIViewModel.swift */; };
		994ED0322E9C116F001C73C3 /* FeedbackView.swift in Sources */ = {isa = PBXBuildFile; fileRef = 994ECF552E9B7027001C73C3 /* FeedbackView.swift */; };
		994ED0332E9C116F001C73C3 /* RecommendationDetailView.swift in Sources */ = {isa = PBXBuildFile; fileRef = 994ECF562E9B7027001C73C3 /* RecommendationDetailView.swift */; };
		994ED0342E9C116F001C73C3 /* DiaryChartView.swift in Sources */ = {isa = PBXBuildFile; fileRef = 994ECF582E9B7027001C73C3 /* DiaryChartView.swift */; };
		994ED0352E9C116F001C73C3 /* DiaryHistoryView.swift in Sources */ = {isa = PBXBuildFile; fileRef = 994ECF592E9B7027001C73C3 /* DiaryHistoryView.swift */; };
		994ED0362E9C116F001C73C3 /* DiaryView.swift in Sources */ = {isa = PBXBuildFile; fileRef = 994ECF5A2E9B7027001C73C3 /* DiaryView.swift */; };
		994ED0372E9C116F001C73C3 /* DiaryViewModel.swift in Sources */ = {isa = PBXBuildFile; fileRef = 994ECF5B2E9B7027001C73C3 /* DiaryViewModel.swift */; };
		994ED0382E9C116F001C73C3 /* MoodEntryView.swift in Sources */ = {isa = PBXBuildFile; fileRef = 994ECF5C2E9B7027001C73C3 /* MoodEntryView.swift */; };
		994ED0392E9C116F001C73C3 /* HabitCreationView.swift in Sources */ = {isa = PBXBuildFile; fileRef = 994ECF5E2E9B7027001C73C3 /* HabitCreationView.swift */; };
		994ED03A2E9C116F001C73C3 /* HabitDetailView.swift in Sources */ = {isa = PBXBuildFile; fileRef = 994ECF5F2E9B7027001C73C3 /* HabitDetailView.swift */; };
		994ED03B2E9C116F001C73C3 /* HabitProgressView.swift in Sources */ = {isa = PBXBuildFile; fileRef = 994ECF602E9B7027001C73C3 /* HabitProgressView.swift */; };
		994ED03C2E9C116F001C73C3 /* HabitsView.swift in Sources */ = {isa = PBXBuildFile; fileRef = 994ECF612E9B7027001C73C3 /* HabitsView.swift */; };
		994ED03D2E9C116F001C73C3 /* HabitsViewModel.swift in Sources */ = {isa = PBXBuildFile; fileRef = 994ECF622E9B7027001C73C3 /* HabitsViewModel.swift */; };
		994ED03E2E9C116F001C73C3 /* CheckInCard.swift in Sources */ = {isa = PBXBuildFile; fileRef = 994ECF642E9B7027001C73C3 /* CheckInCard.swift */; };
		994ED03F2E9C116F001C73C3 /* HomeView.swift in Sources */ = {isa = PBXBuildFile; fileRef = 994ECF652E9B7027001C73C3 /* HomeView.swift */; };
		994ED0402E9C116F001C73C3 /* HomeViewModel.swift in Sources */ = {isa = PBXBuildFile; fileRef = 994ECF662E9B7027001C73C3 /* HomeViewModel.swift */; };
		994ED0412E9C116F001C73C3 /* RecommendationCard.swift in Sources */ = {isa = PBXBuildFile; fileRef = 994ECF672E9B7027001C73C3 /* RecommendationCard.swift */; };
		994ED0422E9C116F001C73C3 /* WeeklyProgressView.swift in Sources */ = {isa = PBXBuildFile; fileRef = 994ECF682E9B7027001C73C3 /* WeeklyProgressView.swift */; };
		994ED0432E9C116F001C73C3 /* ConsentView.swift in Sources */ = {isa = PBXBuildFile; fileRef = 994ECF6A2E9B7027001C73C3 /* ConsentView.swift */; };
		994ED0442E9C116F001C73C3 /* OnboardingView.swift in Sources */ = {isa = PBXBuildFile; fileRef = 994ECF6B2E9B7027001C73C3 /* OnboardingView.swift */; };
		994ED0452E9C116F001C73C3 /* OnboardingViewModel.swift in Sources */ = {isa = PBXBuildFile; fileRef = 994ECF6C2E9B7027001C73C3 /* OnboardingViewModel.swift */; };
		994ED0462E9C116F001C73C3 /* SportSelectionView.swift in Sources */ = {isa = PBXBuildFile; fileRef = 994ECF6D2E9B7027001C73C3 /* SportSelectionView.swift */; };
		994ED0472E9C116F001C73C3 /* NotificationSettingsView.swift in Sources */ = {isa = PBXBuildFile; fileRef = 994ECF6F2E9B7027001C73C3 /* NotificationSettingsView.swift */; };
		994ED0482E9C116F001C73C3 /* PlanView.swift in Sources */ = {isa = PBXBuildFile; fileRef = 994ECF702E9B7027001C73C3 /* PlanView.swift */; };
		994ED0492E9C116F001C73C3 /* PrivacySettingsView.swift in Sources */ = {isa = PBXBuildFile; fileRef = 994ECF712E9B7027001C73C3 /* PrivacySettingsView.swift */; };
		994ED04A2E9C116F001C73C3 /* ProfileView.swift in Sources */ = {isa = PBXBuildFile; fileRef = 994ECF722E9B7027001C73C3 /* ProfileView.swift */; };
		994ED04B2E9C116F001C73C3 /* ProfileViewModel.swift in Sources */ = {isa = PBXBuildFile; fileRef = 994ECF732E9B7027001C73C3 /* ProfileViewModel.swift */; };
		994ED04C2E9C116F001C73C3 /* BreathingSessionView.swift in Sources */ = {isa = PBXBuildFile; fileRef = 994ECF752E9B7027001C73C3 /* BreathingSessionView.swift */; };
		994ED04D2E9C116F001C73C3 /* FocusSessionView.swift in Sources */ = {isa = PBXBuildFile; fileRef = 994ECF762E9B7027001C73C3 /* FocusSessionView.swift */; };
		994ED04E2E9C116F001C73C3 /* MeditationSessionView.swift in Sources */ = {isa = PBXBuildFile; fileRef = 994ECF772E9B7027001C73C3 /* MeditationSessionView.swift */; };
		994ED04F2E9C116F001C73C3 /* SessionsView.swift in Sources */ = {isa = PBXBuildFile; fileRef = 994ECF782E9B7027001C73C3 /* SessionsView.swift */; };
		994ED0502E9C116F001C73C3 /* SessionsViewModel.swift in Sources */ = {isa = PBXBuildFile; fileRef = 994ECF792E9B7027001C73C3 /* SessionsViewModel.swift */; };
		994ED0512E9C116F001C73C3 /* SessionTimerView.swift in Sources */ = {isa = PBXBuildFile; fileRef = 994ECF7A2E9B7027001C73C3 /* SessionTimerView.swift */; };
		99521C0B2EA1590600731097 /* GoogleSignIn in Frameworks */ = {isa = PBXBuildFile; productRef = 99521C0A2EA1590600731097 /* GoogleSignIn */; };
		99521C0D2EA1590600731097 /* GoogleSignInSwift in Frameworks */ = {isa = PBXBuildFile; productRef = 99521C0C2EA1590600731097 /* GoogleSignInSwift */; };
		998E852B2E9F5E9300A3A367 /* MindAthlete/Services/SupabaseClientProvider.swift in Sources */ = {isa = PBXBuildFile; fileRef = 998E852A2E9F5E8600A3A367 /* MindAthlete/Services/SupabaseClientProvider.swift */; };
		998E852E2E9F5FBA00A3A367 /* Supabase in Frameworks */ = {isa = PBXBuildFile; productRef = 998E852D2E9F5FBA00A3A367 /* Supabase */; };
		998E85312E9F61E400A3A367 /* MindAthlete/Debug/DebugConnectView.swift in Sources */ = {isa = PBXBuildFile; fileRef = 998E85302E9F61DD00A3A367 /* MindAthlete/Debug/DebugConnectView.swift */; };
		99A1B2C12F9D123400000002 /* MindAthlete/Services/SupabaseAuthService.swift in Sources */ = {isa = PBXBuildFile; fileRef = 99A1B2C02F9D123400000001 /* MindAthlete/Services/SupabaseAuthService.swift */; };
		99A1B2C32F9D123400000004 /* MindAthlete/Services/SupabaseDatabaseService.swift in Sources */ = {isa = PBXBuildFile; fileRef = 99A1B2C22F9D123400000003 /* MindAthlete/Services/SupabaseDatabaseService.swift */; };
		99A1B2C52F9D123400000006 /* Features/Onboarding/SupabaseEmailAuthView.swift in Sources */ = {isa = PBXBuildFile; fileRef = 99A1B2C42F9D123400000005 /* Features/Onboarding/SupabaseEmailAuthView.swift */; };
		99A1B2C72F9D169C00000008 /* MindAthlete/Services/GoogleAuthBridge.swift in Sources */ = {isa = PBXBuildFile; fileRef = 99A1B2C62F9D169C00000007 /* MindAthlete/Services/GoogleAuthBridge.swift */; };
		99C5A9F52F9D86B300000009 /* MindAthlete/Services/QuoteService.swift in Sources */ = {isa = PBXBuildFile; fileRef = 99C5A9F42F9D86B300000008 /* MindAthlete/Services/QuoteService.swift */; };
		99B3EAA12F9D4AA100000009 /* Features/Auth/ForgotPasswordView.swift in Sources */ = {isa = PBXBuildFile; fileRef = 99B3EAA02F9D4AA100000008 /* Features/Auth/ForgotPasswordView.swift */; };
		99B3EAA32F9D4AA10000000B /* Features/Auth/NewPasswordView.swift in Sources */ = {isa = PBXBuildFile; fileRef = 99B3EAA22F9D4AA10000000A /* Features/Auth/NewPasswordView.swift */; };
		99B3EAA52F9D4AA10000000D /* Data/UserProfilesRepository.swift in Sources */ = {isa = PBXBuildFile; fileRef = 99B3EAA42F9D4AA10000000C /* Data/UserProfilesRepository.swift */; };
		99C5A9F12F9D803A00000005 /* MindAthlete/Services/AgendaProtocols.swift in Sources */ = {isa = PBXBuildFile; fileRef = 99C5A9F02F9D803A00000004 /* MindAthlete/Services/AgendaProtocols.swift */; };
		99C5A9F32F9D803A00000007 /* MindAthlete/Services/SupabaseAgendaServices.swift in Sources */ = {isa = PBXBuildFile; fileRef = 99C5A9F22F9D803A00000006 /* MindAthlete/Services/SupabaseAgendaServices.swift */; };
/* End PBXBuildFile section */

/* Begin PBXContainerItemProxy section */
		994ED0262E9C080F001C73C3 /* PBXContainerItemProxy */ = {
			isa = PBXContainerItemProxy;
			containerPortal = 997A895F2E9B6D050057228A /* Project object */;
			proxyType = 1;
			remoteGlobalIDString = 997A89662E9B6D060057228A;
			remoteInfo = MindAthlete;
		};
/* End PBXContainerItemProxy section */

/* Begin PBXFileReference section */
		994ECF412E9B7027001C73C3 /* AIService.swift */ = {isa = PBXFileReference; lastKnownFileType = sourcecode.swift; path = AIService.swift; sourceTree = "<group>"; };
		994ECF422E9B7027001C73C3 /* AnalyticsService.swift */ = {isa = PBXFileReference; lastKnownFileType = sourcecode.swift; path = AnalyticsService.swift; sourceTree = "<group>"; };
		994ECF432E9B7027001C73C3 /* AuthService.swift */ = {isa = PBXFileReference; lastKnownFileType = sourcecode.swift; path = AuthService.swift; sourceTree = "<group>"; };
		994ECF442E9B7027001C73C3 /* DatabaseService.swift */ = {isa = PBXFileReference; lastKnownFileType = sourcecode.swift; path = DatabaseService.swift; sourceTree = "<group>"; };
		994ECF452E9B7027001C73C3 /* NotificationService.swift */ = {isa = PBXFileReference; lastKnownFileType = sourcecode.swift; path = NotificationService.swift; sourceTree = "<group>"; };
		994ECF462E9B7027001C73C3 /* PurchaseService.swift */ = {isa = PBXFileReference; lastKnownFileType = sourcecode.swift; path = PurchaseService.swift; sourceTree = "<group>"; };
		994ECF4E2E9B7027001C73C3 /* CalendarView.swift */ = {isa = PBXFileReference; lastKnownFileType = sourcecode.swift; path = CalendarView.swift; sourceTree = "<group>"; };
		994ECF4F2E9B7027001C73C3 /* CalendarViewModel.swift */ = {isa = PBXFileReference; lastKnownFileType = sourcecode.swift; path = CalendarViewModel.swift; sourceTree = "<group>"; };
		994ECF502E9B7027001C73C3 /* EventCreationView.swift */ = {isa = PBXFileReference; lastKnownFileType = sourcecode.swift; path = EventCreationView.swift; sourceTree = "<group>"; };
		994ECF512E9B7027001C73C3 /* EventListView.swift */ = {isa = PBXFileReference; lastKnownFileType = sourcecode.swift; path = EventListView.swift; sourceTree = "<group>"; };
		994ECF532E9B7027001C73C3 /* CoachAIView.swift */ = {isa = PBXFileReference; lastKnownFileType = sourcecode.swift; path = CoachAIView.swift; sourceTree = "<group>"; };
		994ECF542E9B7027001C73C3 /* CoachAIViewModel.swift */ = {isa = PBXFileReference; lastKnownFileType = sourcecode.swift; path = CoachAIViewModel.swift; sourceTree = "<group>"; };
		994ECF552E9B7027001C73C3 /* FeedbackView.swift */ = {isa = PBXFileReference; lastKnownFileType = sourcecode.swift; path = FeedbackView.swift; sourceTree = "<group>"; };
		994ECF562E9B7027001C73C3 /* RecommendationDetailView.swift */ = {isa = PBXFileReference; lastKnownFileType = sourcecode.swift; path = RecommendationDetailView.swift; sourceTree = "<group>"; };
		994ECF582E9B7027001C73C3 /* DiaryChartView.swift */ = {isa = PBXFileReference; lastKnownFileType = sourcecode.swift; path = DiaryChartView.swift; sourceTree = "<group>"; };
		994ECF592E9B7027001C73C3 /* DiaryHistoryView.swift */ = {isa = PBXFileReference; lastKnownFileType = sourcecode.swift; path = DiaryHistoryView.swift; sourceTree = "<group>"; };
		994ECF5A2E9B7027001C73C3 /* DiaryView.swift */ = {isa = PBXFileReference; lastKnownFileType = sourcecode.swift; path = DiaryView.swift; sourceTree = "<group>"; };
		994ECF5B2E9B7027001C73C3 /* DiaryViewModel.swift */ = {isa = PBXFileReference; lastKnownFileType = sourcecode.swift; path = DiaryViewModel.swift; sourceTree = "<group>"; };
		994ECF5C2E9B7027001C73C3 /* MoodEntryView.swift */ = {isa = PBXFileReference; lastKnownFileType = sourcecode.swift; path = MoodEntryView.swift; sourceTree = "<group>"; };
		994ECF5E2E9B7027001C73C3 /* HabitCreationView.swift */ = {isa = PBXFileReference; lastKnownFileType = sourcecode.swift; path = HabitCreationView.swift; sourceTree = "<group>"; };
		994ECF5F2E9B7027001C73C3 /* HabitDetailView.swift */ = {isa = PBXFileReference; lastKnownFileType = sourcecode.swift; path = HabitDetailView.swift; sourceTree = "<group>"; };
		994ECF602E9B7027001C73C3 /* HabitProgressView.swift */ = {isa = PBXFileReference; lastKnownFileType = sourcecode.swift; path = HabitProgressView.swift; sourceTree = "<group>"; };
		994ECF612E9B7027001C73C3 /* HabitsView.swift */ = {isa = PBXFileReference; lastKnownFileType = sourcecode.swift; path = HabitsView.swift; sourceTree = "<group>"; };
		994ECF622E9B7027001C73C3 /* HabitsViewModel.swift */ = {isa = PBXFileReference; lastKnownFileType = sourcecode.swift; path = HabitsViewModel.swift; sourceTree = "<group>"; };
		994ECF642E9B7027001C73C3 /* CheckInCard.swift */ = {isa = PBXFileReference; lastKnownFileType = sourcecode.swift; path = CheckInCard.swift; sourceTree = "<group>"; };
		994ECF652E9B7027001C73C3 /* HomeView.swift */ = {isa = PBXFileReference; lastKnownFileType = sourcecode.swift; path = HomeView.swift; sourceTree = "<group>"; };
		994ECF662E9B7027001C73C3 /* HomeViewModel.swift */ = {isa = PBXFileReference; lastKnownFileType = sourcecode.swift; path = HomeViewModel.swift; sourceTree = "<group>"; };
		994ECF672E9B7027001C73C3 /* RecommendationCard.swift */ = {isa = PBXFileReference; lastKnownFileType = sourcecode.swift; path = RecommendationCard.swift; sourceTree = "<group>"; };
		994ECF682E9B7027001C73C3 /* WeeklyProgressView.swift */ = {isa = PBXFileReference; lastKnownFileType = sourcecode.swift; path = WeeklyProgressView.swift; sourceTree = "<group>"; };
		994ECF6A2E9B7027001C73C3 /* ConsentView.swift */ = {isa = PBXFileReference; lastKnownFileType = sourcecode.swift; path = ConsentView.swift; sourceTree = "<group>"; };
		994ECF6B2E9B7027001C73C3 /* OnboardingView.swift */ = {isa = PBXFileReference; lastKnownFileType = sourcecode.swift; path = OnboardingView.swift; sourceTree = "<group>"; };
		994ECF6C2E9B7027001C73C3 /* OnboardingViewModel.swift */ = {isa = PBXFileReference; lastKnownFileType = sourcecode.swift; path = OnboardingViewModel.swift; sourceTree = "<group>"; };
		994ECF6D2E9B7027001C73C3 /* SportSelectionView.swift */ = {isa = PBXFileReference; lastKnownFileType = sourcecode.swift; path = SportSelectionView.swift; sourceTree = "<group>"; };
		994ECF6F2E9B7027001C73C3 /* NotificationSettingsView.swift */ = {isa = PBXFileReference; lastKnownFileType = sourcecode.swift; path = NotificationSettingsView.swift; sourceTree = "<group>"; };
		994ECF702E9B7027001C73C3 /* PlanView.swift */ = {isa = PBXFileReference; lastKnownFileType = sourcecode.swift; path = PlanView.swift; sourceTree = "<group>"; };
		994ECF712E9B7027001C73C3 /* PrivacySettingsView.swift */ = {isa = PBXFileReference; lastKnownFileType = sourcecode.swift; path = PrivacySettingsView.swift; sourceTree = "<group>"; };
		994ECF722E9B7027001C73C3 /* ProfileView.swift */ = {isa = PBXFileReference; lastKnownFileType = sourcecode.swift; path = ProfileView.swift; sourceTree = "<group>"; };
		994ECF732E9B7027001C73C3 /* ProfileViewModel.swift */ = {isa = PBXFileReference; lastKnownFileType = sourcecode.swift; path = ProfileViewModel.swift; sourceTree = "<group>"; };
		994ECF752E9B7027001C73C3 /* BreathingSessionView.swift */ = {isa = PBXFileReference; lastKnownFileType = sourcecode.swift; path = BreathingSessionView.swift; sourceTree = "<group>"; };
		994ECF762E9B7027001C73C3 /* FocusSessionView.swift */ = {isa = PBXFileReference; lastKnownFileType = sourcecode.swift; path = FocusSessionView.swift; sourceTree = "<group>"; };
		994ECF772E9B7027001C73C3 /* MeditationSessionView.swift */ = {isa = PBXFileReference; lastKnownFileType = sourcecode.swift; path = MeditationSessionView.swift; sourceTree = "<group>"; };
		994ECF782E9B7027001C73C3 /* SessionsView.swift */ = {isa = PBXFileReference; lastKnownFileType = sourcecode.swift; path = SessionsView.swift; sourceTree = "<group>"; };
		994ECF792E9B7027001C73C3 /* SessionsViewModel.swift */ = {isa = PBXFileReference; lastKnownFileType = sourcecode.swift; path = SessionsViewModel.swift; sourceTree = "<group>"; };
		994ECF7A2E9B7027001C73C3 /* SessionTimerView.swift */ = {isa = PBXFileReference; lastKnownFileType = sourcecode.swift; path = SessionTimerView.swift; sourceTree = "<group>"; };
		994ECF7D2E9B7027001C73C3 /* Colors.swift */ = {isa = PBXFileReference; lastKnownFileType = sourcecode.swift; path = Colors.swift; sourceTree = "<group>"; };
		994ECF7E2E9B7027001C73C3 /* MAButton.swift */ = {isa = PBXFileReference; lastKnownFileType = sourcecode.swift; path = MAButton.swift; sourceTree = "<group>"; };
		994ECF7F2E9B7027001C73C3 /* MACard.swift */ = {isa = PBXFileReference; lastKnownFileType = sourcecode.swift; path = MACard.swift; sourceTree = "<group>"; };
		994ECF802E9B7027001C73C3 /* Spacing.swift */ = {isa = PBXFileReference; lastKnownFileType = sourcecode.swift; path = Spacing.swift; sourceTree = "<group>"; };
		994ECF812E9B7027001C73C3 /* Typography.swift */ = {isa = PBXFileReference; lastKnownFileType = sourcecode.swift; path = Typography.swift; sourceTree = "<group>"; };
		994ECF832E9B7027001C73C3 /* APIError.swift */ = {isa = PBXFileReference; lastKnownFileType = sourcecode.swift; path = APIError.swift; sourceTree = "<group>"; };
		994ECF842E9B7027001C73C3 /* HTTPClient.swift */ = {isa = PBXFileReference; lastKnownFileType = sourcecode.swift; path = HTTPClient.swift; sourceTree = "<group>"; };
		994ECF852E9B7027001C73C3 /* NetworkModels.swift */ = {isa = PBXFileReference; lastKnownFileType = sourcecode.swift; path = NetworkModels.swift; sourceTree = "<group>"; };
		994ECF872E9B7027001C73C3 /* AppState.swift */ = {isa = PBXFileReference; lastKnownFileType = sourcecode.swift; path = AppState.swift; sourceTree = "<group>"; };
		994ECF892E9B7027001C73C3 /* Constants.swift */ = {isa = PBXFileReference; lastKnownFileType = sourcecode.swift; path = Constants.swift; sourceTree = "<group>"; };
		994ECF8A2E9B7027001C73C3 /* Extensions.swift */ = {isa = PBXFileReference; lastKnownFileType = sourcecode.swift; path = Extensions.swift; sourceTree = "<group>"; };
		994ECF8B2E9B7027001C73C3 /* Helpers.swift */ = {isa = PBXFileReference; lastKnownFileType = sourcecode.swift; path = Helpers.swift; sourceTree = "<group>"; };
		994ECF8E2E9B7027001C73C3 /* HabitDTO.swift */ = {isa = PBXFileReference; lastKnownFileType = sourcecode.swift; path = HabitDTO.swift; sourceTree = "<group>"; };
		994ECF8F2E9B7027001C73C3 /* MoodDTO.swift */ = {isa = PBXFileReference; lastKnownFileType = sourcecode.swift; path = MoodDTO.swift; sourceTree = "<group>"; };
		994ECF902E9B7027001C73C3 /* RecommendationDTO.swift */ = {isa = PBXFileReference; lastKnownFileType = sourcecode.swift; path = RecommendationDTO.swift; sourceTree = "<group>"; };
		994ECF912E9B7027001C73C3 /* UserDTO.swift */ = {isa = PBXFileReference; lastKnownFileType = sourcecode.swift; path = UserDTO.swift; sourceTree = "<group>"; };
		994ECF932E9B7027001C73C3 /* Event.swift */ = {isa = PBXFileReference; lastKnownFileType = sourcecode.swift; path = Event.swift; sourceTree = "<group>"; };
		994ECF942E9B7027001C73C3 /* Habit.swift */ = {isa = PBXFileReference; lastKnownFileType = sourcecode.swift; path = Habit.swift; sourceTree = "<group>"; };
		994ECF952E9B7027001C73C3 /* HabitLog.swift */ = {isa = PBXFileReference; lastKnownFileType = sourcecode.swift; path = HabitLog.swift; sourceTree = "<group>"; };
		994ECF962E9B7027001C73C3 /* Mood.swift */ = {isa = PBXFileReference; lastKnownFileType = sourcecode.swift; path = Mood.swift; sourceTree = "<group>"; };
		994ECF972E9B7027001C73C3 /* Recommendation.swift */ = {isa = PBXFileReference; lastKnownFileType = sourcecode.swift; path = Recommendation.swift; sourceTree = "<group>"; };
		994ECF982E9B7027001C73C3 /* Session.swift */ = {isa = PBXFileReference; lastKnownFileType = sourcecode.swift; path = Session.swift; sourceTree = "<group>"; };
		994ECF992E9B7027001C73C3 /* User.swift */ = {isa = PBXFileReference; lastKnownFileType = sourcecode.swift; path = User.swift; sourceTree = "<group>"; };
		994ECF9C2E9B7CD9001C73C3 /* SupabaseConfiguration.swift */ = {isa = PBXFileReference; lastKnownFileType = sourcecode.swift; path = SupabaseConfiguration.swift; sourceTree = "<group>"; };
		994ECFF22E9BE59C001C73C3 /* MAChip.swift */ = {isa = PBXFileReference; lastKnownFileType = sourcecode.swift; path = MAChip.swift; sourceTree = "<group>"; };
		994ECFF42E9BE5D7001C73C3 /* MASectionHeader.swift */ = {isa = PBXFileReference; lastKnownFileType = sourcecode.swift; path = MASectionHeader.swift; sourceTree = "<group>"; };
		994ECFF62E9BE740001C73C3 /* RecommendationResponse.swift */ = {isa = PBXFileReference; lastKnownFileType = sourcecode.swift; path = RecommendationResponse.swift; sourceTree = "<group>"; };
		994ED00E2E9BFCEA001C73C3 /* AuthServiceTests.swift */ = {isa = PBXFileReference; lastKnownFileType = sourcecode.swift; path = AuthServiceTests.swift; sourceTree = "<group>"; };
		994ED00F2E9BFCEA001C73C3 /* AIServiceTests.swift */ = {isa = PBXFileReference; lastKnownFileType = sourcecode.swift; path = AIServiceTests.swift; sourceTree = "<group>"; };
		994ED0102E9BFCEA001C73C3 /* DatabaseServiceTests.swift */ = {isa = PBXFileReference; lastKnownFileType = sourcecode.swift; path = DatabaseServiceTests.swift; sourceTree = "<group>"; };
		994ED0112E9BFCEA001C73C3 /* SnaphotTests.swift */ = {isa = PBXFileReference; lastKnownFileType = sourcecode.swift; path = SnaphotTests.swift; sourceTree = "<group>"; };
		994ED0202E9C080F001C73C3 /* MindAthleteUITests.xctest */ = {isa = PBXFileReference; explicitFileType = wrapper.cfbundle; includeInIndex = 0; path = MindAthleteUITests.xctest; sourceTree = BUILT_PRODUCTS_DIR; };
		997A89672E9B6D060057228A /* MindAthlete.app */ = {isa = PBXFileReference; explicitFileType = wrapper.application; includeInIndex = 0; path = MindAthlete.app; sourceTree = BUILT_PRODUCTS_DIR; };
		998E852A2E9F5E8600A3A367 /* MindAthlete/Services/SupabaseClientProvider.swift */ = {isa = PBXFileReference; lastKnownFileType = sourcecode.swift; path = MindAthlete/Services/SupabaseClientProvider.swift; sourceTree = SOURCE_ROOT; };
		998E85302E9F61DD00A3A367 /* MindAthlete/Debug/DebugConnectView.swift */ = {isa = PBXFileReference; lastKnownFileType = sourcecode.swift; path = MindAthlete/Debug/DebugConnectView.swift; sourceTree = SOURCE_ROOT; };
		99A1B2C02F9D123400000001 /* MindAthlete/Services/SupabaseAuthService.swift */ = {isa = PBXFileReference; lastKnownFileType = sourcecode.swift; path = MindAthlete/Services/SupabaseAuthService.swift; sourceTree = SOURCE_ROOT; };
		99A1B2C22F9D123400000003 /* MindAthlete/Services/SupabaseDatabaseService.swift */ = {isa = PBXFileReference; lastKnownFileType = sourcecode.swift; path = MindAthlete/Services/SupabaseDatabaseService.swift; sourceTree = SOURCE_ROOT; };
		99A1B2C42F9D123400000005 /* Features/Onboarding/SupabaseEmailAuthView.swift */ = {isa = PBXFileReference; lastKnownFileType = sourcecode.swift; path = Features/Onboarding/SupabaseEmailAuthView.swift; sourceTree = SOURCE_ROOT; };
		99A1B2C62F9D169C00000007 /* MindAthlete/Services/GoogleAuthBridge.swift */ = {isa = PBXFileReference; lastKnownFileType = sourcecode.swift; path = MindAthlete/Services/GoogleAuthBridge.swift; sourceTree = SOURCE_ROOT; };
		99B3EAA02F9D4AA100000008 /* Features/Auth/ForgotPasswordView.swift */ = {isa = PBXFileReference; lastKnownFileType = sourcecode.swift; path = Features/Auth/ForgotPasswordView.swift; sourceTree = SOURCE_ROOT; };
		99B3EAA22F9D4AA10000000A /* Features/Auth/NewPasswordView.swift */ = {isa = PBXFileReference; lastKnownFileType = sourcecode.swift; path = Features/Auth/NewPasswordView.swift; sourceTree = SOURCE_ROOT; };
		99B3EAA42F9D4AA10000000C /* Data/UserProfilesRepository.swift */ = {isa = PBXFileReference; lastKnownFileType = sourcecode.swift; path = Data/UserProfilesRepository.swift; sourceTree = SOURCE_ROOT; };
		99C5A9F02F9D803A00000004 /* MindAthlete/Services/AgendaProtocols.swift */ = {isa = PBXFileReference; lastKnownFileType = sourcecode.swift; path = MindAthlete/Services/AgendaProtocols.swift; sourceTree = SOURCE_ROOT; };
		99C5A9F22F9D803A00000006 /* MindAthlete/Services/SupabaseAgendaServices.swift */ = {isa = PBXFileReference; lastKnownFileType = sourcecode.swift; path = MindAthlete/Services/SupabaseAgendaServices.swift; sourceTree = SOURCE_ROOT; };
		99C5A9F42F9D86B300000008 /* MindAthlete/Services/QuoteService.swift */ = {isa = PBXFileReference; lastKnownFileType = sourcecode.swift; path = MindAthlete/Services/QuoteService.swift; sourceTree = SOURCE_ROOT; };
/* End PBXFileReference section */

/* Begin PBXFileSystemSynchronizedBuildFileExceptionSet section */
		99521C102EA1710100731097 /* Exceptions for "MindAthlete" folder in "MindAthlete" target */ = {
			isa = PBXFileSystemSynchronizedBuildFileExceptionSet;
			membershipExceptions = (
				Info.plist,
			);
			target = 997A89662E9B6D060057228A /* MindAthlete */;
		};
/* End PBXFileSystemSynchronizedBuildFileExceptionSet section */

/* Begin PBXFileSystemSynchronizedRootGroup section */
		994ED0212E9C080F001C73C3 /* MindAthleteUITests */ = {
			isa = PBXFileSystemSynchronizedRootGroup;
			path = MindAthleteUITests;
			sourceTree = "<group>";
		};
		997A89692E9B6D060057228A /* MindAthlete */ = {
			isa = PBXFileSystemSynchronizedRootGroup;
			exceptions = (
				99521C102EA1710100731097 /* Exceptions for "MindAthlete" folder in "MindAthlete" target */,
			);
			path = MindAthlete;
			sourceTree = "<group>";
		};
/* End PBXFileSystemSynchronizedRootGroup section */

/* Begin PBXFrameworksBuildPhase section */
		994ED01D2E9C080F001C73C3 /* Frameworks */ = {
			isa = PBXFrameworksBuildPhase;
			buildActionMask = 2147483647;
			files = (
			);
			runOnlyForDeploymentPostprocessing = 0;
		};
		997A89642E9B6D060057228A /* Frameworks */ = {
			isa = PBXFrameworksBuildPhase;
			buildActionMask = 2147483647;
			files = (
				99521C0D2EA1590600731097 /* GoogleSignInSwift in Frameworks */,
				998E852E2E9F5FBA00A3A367 /* Supabase in Frameworks */,
				99521C0B2EA1590600731097 /* GoogleSignIn in Frameworks */,
			);
			runOnlyForDeploymentPostprocessing = 0;
		};
/* End PBXFrameworksBuildPhase section */

/* Begin PBXGroup section */
		994ECF472E9B7027001C73C3 /* Services */ = {
			isa = PBXGroup;
			children = (
				998E85302E9F61DD00A3A367 /* MindAthlete/Debug/DebugConnectView.swift */,
				99A1B2C02F9D123400000001 /* MindAthlete/Services/SupabaseAuthService.swift */,
				99A1B2C22F9D123400000003 /* MindAthlete/Services/SupabaseDatabaseService.swift */,
				99A1B2C62F9D169C00000007 /* MindAthlete/Services/GoogleAuthBridge.swift */,
				99C5A9F02F9D803A00000004 /* MindAthlete/Services/AgendaProtocols.swift */,
				99C5A9F22F9D803A00000006 /* MindAthlete/Services/SupabaseAgendaServices.swift */,
				99C5A9F42F9D86B300000008 /* MindAthlete/Services/QuoteService.swift */,
				994ECF412E9B7027001C73C3 /* AIService.swift */,
				994ECF422E9B7027001C73C3 /* AnalyticsService.swift */,
				994ECF432E9B7027001C73C3 /* AuthService.swift */,
				994ECF442E9B7027001C73C3 /* DatabaseService.swift */,
				994ECF9C2E9B7CD9001C73C3 /* SupabaseConfiguration.swift */,
				994ECF452E9B7027001C73C3 /* NotificationService.swift */,
				994ECF462E9B7027001C73C3 /* PurchaseService.swift */,
				998E852A2E9F5E8600A3A367 /* MindAthlete/Services/SupabaseClientProvider.swift */,
			);
			path = Services;
			sourceTree = "<group>";
		};
		994ECF4D2E9B7027001C73C3 /* Tests */ = {
			isa = PBXGroup;
			children = (
				994ED00F2E9BFCEA001C73C3 /* AIServiceTests.swift */,
				994ED00E2E9BFCEA001C73C3 /* AuthServiceTests.swift */,
				994ED0102E9BFCEA001C73C3 /* DatabaseServiceTests.swift */,
				994ED0112E9BFCEA001C73C3 /* SnaphotTests.swift */,
			);
			path = Tests;
			sourceTree = "<group>";
		};
		994ECF522E9B7027001C73C3 /* Calendar */ = {
			isa = PBXGroup;
			children = (
				994ECF4E2E9B7027001C73C3 /* CalendarView.swift */,
				994ECF4F2E9B7027001C73C3 /* CalendarViewModel.swift */,
				994ECF502E9B7027001C73C3 /* EventCreationView.swift */,
				994ECF512E9B7027001C73C3 /* EventListView.swift */,
			);
			path = Calendar;
			sourceTree = "<group>";
		};
		994ECF572E9B7027001C73C3 /* CoachAI */ = {
			isa = PBXGroup;
			children = (
				994ECF532E9B7027001C73C3 /* CoachAIView.swift */,
				994ECF542E9B7027001C73C3 /* CoachAIViewModel.swift */,
				994ECF552E9B7027001C73C3 /* FeedbackView.swift */,
				994ECF562E9B7027001C73C3 /* RecommendationDetailView.swift */,
			);
			path = CoachAI;
			sourceTree = "<group>";
		};
		994ECF5D2E9B7027001C73C3 /* Diary */ = {
			isa = PBXGroup;
			children = (
				994ECF582E9B7027001C73C3 /* DiaryChartView.swift */,
				994ECF592E9B7027001C73C3 /* DiaryHistoryView.swift */,
				994ECF5A2E9B7027001C73C3 /* DiaryView.swift */,
				994ECF5B2E9B7027001C73C3 /* DiaryViewModel.swift */,
				994ECF5C2E9B7027001C73C3 /* MoodEntryView.swift */,
			);
			path = Diary;
			sourceTree = "<group>";
		};
		994ECF632E9B7027001C73C3 /* Habits */ = {
			isa = PBXGroup;
			children = (
				994ECF5E2E9B7027001C73C3 /* HabitCreationView.swift */,
				994ECF5F2E9B7027001C73C3 /* HabitDetailView.swift */,
				994ECF602E9B7027001C73C3 /* HabitProgressView.swift */,
				994ECF612E9B7027001C73C3 /* HabitsView.swift */,
				994ECF622E9B7027001C73C3 /* HabitsViewModel.swift */,
			);
			path = Habits;
			sourceTree = "<group>";
		};
		994ECF692E9B7027001C73C3 /* Home */ = {
			isa = PBXGroup;
			children = (
				994ECF642E9B7027001C73C3 /* CheckInCard.swift */,
				994ECF652E9B7027001C73C3 /* HomeView.swift */,
				994ECF662E9B7027001C73C3 /* HomeViewModel.swift */,
				994ECF672E9B7027001C73C3 /* RecommendationCard.swift */,
				994ECF682E9B7027001C73C3 /* WeeklyProgressView.swift */,
			);
			path = Home;
			sourceTree = "<group>";
		};
		994ECF6E2E9B7027001C73C3 /* Onboarding */ = {
			isa = PBXGroup;
			children = (
				994ECF6A2E9B7027001C73C3 /* ConsentView.swift */,
				994ECF6B2E9B7027001C73C3 /* OnboardingView.swift */,
				994ECF6C2E9B7027001C73C3 /* OnboardingViewModel.swift */,
				994ECF6D2E9B7027001C73C3 /* SportSelectionView.swift */,
				99A1B2C42F9D123400000005 /* Features/Onboarding/SupabaseEmailAuthView.swift */,
			);
			path = Onboarding;
			sourceTree = "<group>";
		};
		994ECF742E9B7027001C73C3 /* Profile */ = {
			isa = PBXGroup;
			children = (
				994ECF6F2E9B7027001C73C3 /* NotificationSettingsView.swift */,
				994ECF702E9B7027001C73C3 /* PlanView.swift */,
				994ECF712E9B7027001C73C3 /* PrivacySettingsView.swift */,
				994ECF722E9B7027001C73C3 /* ProfileView.swift */,
				994ECF732E9B7027001C73C3 /* ProfileViewModel.swift */,
			);
			path = Profile;
			sourceTree = "<group>";
		};
		994ECF7B2E9B7027001C73C3 /* Sessions */ = {
			isa = PBXGroup;
			children = (
				994ECF752E9B7027001C73C3 /* BreathingSessionView.swift */,
				994ECF762E9B7027001C73C3 /* FocusSessionView.swift */,
				994ECF772E9B7027001C73C3 /* MeditationSessionView.swift */,
				994ECF782E9B7027001C73C3 /* SessionsView.swift */,
				994ECF792E9B7027001C73C3 /* SessionsViewModel.swift */,
				994ECF7A2E9B7027001C73C3 /* SessionTimerView.swift */,
			);
			path = Sessions;
			sourceTree = "<group>";
		};
		994ECF7C2E9B7027001C73C3 /* Features */ = {
			isa = PBXGroup;
			children = (
				994ECF522E9B7027001C73C3 /* Calendar */,
				994ECF572E9B7027001C73C3 /* CoachAI */,
				994ECF5D2E9B7027001C73C3 /* Diary */,
				994ECF632E9B7027001C73C3 /* Habits */,
				994ECF692E9B7027001C73C3 /* Home */,
				994ECF6E2E9B7027001C73C3 /* Onboarding */,
				99B3EAA62F9D4AA10000000E /* Auth */,
				994ECF742E9B7027001C73C3 /* Profile */,
				994ECF7B2E9B7027001C73C3 /* Sessions */,
			);
			path = Features;
			sourceTree = "<group>";
		};
		994ECF822E9B7027001C73C3 /* DesignSystem */ = {
			isa = PBXGroup;
			children = (
				994ECFF42E9BE5D7001C73C3 /* MASectionHeader.swift */,
				994ECFF22E9BE59C001C73C3 /* MAChip.swift */,
				994ECF7D2E9B7027001C73C3 /* Colors.swift */,
				994ECF7E2E9B7027001C73C3 /* MAButton.swift */,
				994ECF7F2E9B7027001C73C3 /* MACard.swift */,
				994ECF802E9B7027001C73C3 /* Spacing.swift */,
				994ECF812E9B7027001C73C3 /* Typography.swift */,
			);
			path = DesignSystem;
			sourceTree = "<group>";
		};
		994ECF862E9B7027001C73C3 /* Networking */ = {
			isa = PBXGroup;
			children = (
				994ECF832E9B7027001C73C3 /* APIError.swift */,
				994ECF842E9B7027001C73C3 /* HTTPClient.swift */,
				994ECF852E9B7027001C73C3 /* NetworkModels.swift */,
			);
			path = Networking;
			sourceTree = "<group>";
		};
		994ECF882E9B7027001C73C3 /* Store */ = {
			isa = PBXGroup;
			children = (
				994ECF872E9B7027001C73C3 /* AppState.swift */,
			);
			path = Store;
			sourceTree = "<group>";
		};
		994ECF8C2E9B7027001C73C3 /* Utilities */ = {
			isa = PBXGroup;
			children = (
				994ECF892E9B7027001C73C3 /* Constants.swift */,
				994ECF8A2E9B7027001C73C3 /* Extensions.swift */,
				994ECF8B2E9B7027001C73C3 /* Helpers.swift */,
			);
			path = Utilities;
			sourceTree = "<group>";
		};
		994ECF8D2E9B7027001C73C3 /* Core */ = {
			isa = PBXGroup;
			children = (
				994ECF822E9B7027001C73C3 /* DesignSystem */,
				994ECF862E9B7027001C73C3 /* Networking */,
				994ECF882E9B7027001C73C3 /* Store */,
				994ECF8C2E9B7027001C73C3 /* Utilities */,
			);
			path = Core;
			sourceTree = "<group>";
		};
		994ECF922E9B7027001C73C3 /* DTOs */ = {
			isa = PBXGroup;
			children = (
				994ECFF62E9BE740001C73C3 /* RecommendationResponse.swift */,
				994ECF8E2E9B7027001C73C3 /* HabitDTO.swift */,
				994ECF8F2E9B7027001C73C3 /* MoodDTO.swift */,
				994ECF902E9B7027001C73C3 /* RecommendationDTO.swift */,
				994ECF912E9B7027001C73C3 /* UserDTO.swift */,
			);
			path = DTOs;
			sourceTree = "<group>";
		};
		994ECF9A2E9B7027001C73C3 /* Models */ = {
			isa = PBXGroup;
			children = (
				994ECF932E9B7027001C73C3 /* Event.swift */,
				994ECF942E9B7027001C73C3 /* Habit.swift */,
				994ECF952E9B7027001C73C3 /* HabitLog.swift */,
				994ECF962E9B7027001C73C3 /* Mood.swift */,
				994ECF972E9B7027001C73C3 /* Recommendation.swift */,
				994ECF982E9B7027001C73C3 /* Session.swift */,
				994ECF992E9B7027001C73C3 /* User.swift */,
			);
			path = Models;
			sourceTree = "<group>";
		};
		994ECF9B2E9B7027001C73C3 /* Domain */ = {
			isa = PBXGroup;
			children = (
				994ECF922E9B7027001C73C3 /* DTOs */,
				994ECF9A2E9B7027001C73C3 /* Models */,
			);
			path = Domain;
			sourceTree = "<group>";
		};
		997A895E2E9B6D050057228A = {
			isa = PBXGroup;
			children = (
				994ECF8D2E9B7027001C73C3 /* Core */,
				994ECF9B2E9B7027001C73C3 /* Domain */,
				99B3EAA72F9D4AA10000000F /* Data */,
				994ECF7C2E9B7027001C73C3 /* Features */,
				994ECF472E9B7027001C73C3 /* Services */,
				994ECF4D2E9B7027001C73C3 /* Tests */,
				997A89692E9B6D060057228A /* MindAthlete */,
				994ED0212E9C080F001C73C3 /* MindAthleteUITests */,
				998E852C2E9F5FAA00A3A367 /* Frameworks */,
				997A89682E9B6D060057228A /* Products */,
			);
			sourceTree = "<group>";
		};
		997A89682E9B6D060057228A /* Products */ = {
			isa = PBXGroup;
			children = (
				997A89672E9B6D060057228A /* MindAthlete.app */,
				994ED0202E9C080F001C73C3 /* MindAthleteUITests.xctest */,
			);
			name = Products;
			sourceTree = "<group>";
		};
		998E852C2E9F5FAA00A3A367 /* Frameworks */ = {
			isa = PBXGroup;
			children = (
			);
			name = Frameworks;
			sourceTree = "<group>";
		};
		99B3EAA62F9D4AA10000000E /* Auth */ = {
			isa = PBXGroup;
			children = (
				99B3EAA02F9D4AA100000008 /* Features/Auth/ForgotPasswordView.swift */,
				99B3EAA22F9D4AA10000000A /* Features/Auth/NewPasswordView.swift */,
			);
			path = Auth;
			sourceTree = "<group>";
		};
		99B3EAA72F9D4AA10000000F /* Data */ = {
			isa = PBXGroup;
			children = (
				99B3EAA42F9D4AA10000000C /* Data/UserProfilesRepository.swift */,
			);
			path = Data;
			sourceTree = "<group>";
		};
/* End PBXGroup section */

/* Begin PBXNativeTarget section */
		994ED01F2E9C080F001C73C3 /* MindAthleteUITests */ = {
			isa = PBXNativeTarget;
			buildConfigurationList = 994ED02A2E9C080F001C73C3 /* Build configuration list for PBXNativeTarget "MindAthleteUITests" */;
			buildPhases = (
				994ED01C2E9C080F001C73C3 /* Sources */,
				994ED01D2E9C080F001C73C3 /* Frameworks */,
				994ED01E2E9C080F001C73C3 /* Resources */,
			);
			buildRules = (
			);
			dependencies = (
				994ED0272E9C080F001C73C3 /* PBXTargetDependency */,
			);
			fileSystemSynchronizedGroups = (
				994ED0212E9C080F001C73C3 /* MindAthleteUITests */,
			);
			name = MindAthleteUITests;
			packageProductDependencies = (
			);
			productName = MindAthleteUITests;
			productReference = 994ED0202E9C080F001C73C3 /* MindAthleteUITests.xctest */;
			productType = "com.apple.product-type.bundle.ui-testing";
		};
		997A89662E9B6D060057228A /* MindAthlete */ = {
			isa = PBXNativeTarget;
			buildConfigurationList = 997A89722E9B6D070057228A /* Build configuration list for PBXNativeTarget "MindAthlete" */;
			buildPhases = (
				997A89632E9B6D060057228A /* Sources */,
				997A89642E9B6D060057228A /* Frameworks */,
				997A89652E9B6D060057228A /* Resources */,
			);
			buildRules = (
			);
			dependencies = (
			);
			fileSystemSynchronizedGroups = (
				997A89692E9B6D060057228A /* MindAthlete */,
			);
			name = MindAthlete;
			packageProductDependencies = (
				998E852D2E9F5FBA00A3A367 /* Supabase */,
				99521C0A2EA1590600731097 /* GoogleSignIn */,
				99521C0C2EA1590600731097 /* GoogleSignInSwift */,
			);
			productName = MindAthlete;
			productReference = 997A89672E9B6D060057228A /* MindAthlete.app */;
			productType = "com.apple.product-type.application";
		};
/* End PBXNativeTarget section */

/* Begin PBXProject section */
		997A895F2E9B6D050057228A /* Project object */ = {
			isa = PBXProject;
			attributes = {
				BuildIndependentTargetsInParallel = 1;
				LastSwiftUpdateCheck = 2600;
				LastUpgradeCheck = 2600;
				TargetAttributes = {
					994ED01F2E9C080F001C73C3 = {
						CreatedOnToolsVersion = 26.0.1;
						TestTargetID = 997A89662E9B6D060057228A;
					};
					997A89662E9B6D060057228A = {
						CreatedOnToolsVersion = 26.0.1;
					};
				};
			};
			buildConfigurationList = 997A89622E9B6D050057228A /* Build configuration list for PBXProject "MindAthlete" */;
			developmentRegion = en;
			hasScannedForEncodings = 0;
			knownRegions = (
				en,
				Base,
			);
			mainGroup = 997A895E2E9B6D050057228A;
			minimizedProjectReferenceProxies = 1;
			packageReferences = (
				998E85292E9F5DC100A3A367 /* XCRemoteSwiftPackageReference "supabase-swift" */,
				99521C092EA1590600731097 /* XCRemoteSwiftPackageReference "GoogleSignIn-iOS" */,
			);
			preferredProjectObjectVersion = 77;
			productRefGroup = 997A89682E9B6D060057228A /* Products */;
			projectDirPath = "";
			projectRoot = "";
			targets = (
				997A89662E9B6D060057228A /* MindAthlete */,
				994ED01F2E9C080F001C73C3 /* MindAthleteUITests */,
			);
		};
/* End PBXProject section */

/* Begin PBXResourcesBuildPhase section */
		994ED01E2E9C080F001C73C3 /* Resources */ = {
			isa = PBXResourcesBuildPhase;
			buildActionMask = 2147483647;
			files = (
			);
			runOnlyForDeploymentPostprocessing = 0;
		};
		997A89652E9B6D060057228A /* Resources */ = {
			isa = PBXResourcesBuildPhase;
			buildActionMask = 2147483647;
			files = (
			);
			runOnlyForDeploymentPostprocessing = 0;
		};
/* End PBXResourcesBuildPhase section */

/* Begin PBXSourcesBuildPhase section */
		994ED01C2E9C080F001C73C3 /* Sources */ = {
			isa = PBXSourcesBuildPhase;
			buildActionMask = 2147483647;
			files = (
			);
			runOnlyForDeploymentPostprocessing = 0;
		};
		997A89632E9B6D060057228A /* Sources */ = {
			isa = PBXSourcesBuildPhase;
			buildActionMask = 2147483647;
			files = (
				994ECFF52E9BE5DB001C73C3 /* MASectionHeader.swift in Sources */,
				994ECFF32E9BE5AA001C73C3 /* MAChip.swift in Sources */,
				994ECFA02E9B80F4001C73C3 /* Spacing.swift in Sources */,
				994ECF9E2E9B80F4001C73C3 /* MAButton.swift in Sources */,
				994ECF9F2E9B80F4001C73C3 /* MACard.swift in Sources */,
				994ECF9D2E9B80F4001C73C3 /* Colors.swift in Sources */,
				994ECFA12E9B80F4001C73C3 /* Typography.swift in Sources */,
				994ED02C2E9C116F001C73C3 /* CalendarView.swift in Sources */,
				994ED02D2E9C116F001C73C3 /* CalendarViewModel.swift in Sources */,
				994ED02E2E9C116F001C73C3 /* EventCreationView.swift in Sources */,
				994ED02F2E9C116F001C73C3 /* EventListView.swift in Sources */,
				994ED0302E9C116F001C73C3 /* CoachAIView.swift in Sources */,
				994ED0312E9C116F001C73C3 /* CoachAIViewModel.swift in Sources */,
				994ED0322E9C116F001C73C3 /* FeedbackView.swift in Sources */,
				994ED0332E9C116F001C73C3 /* RecommendationDetailView.swift in Sources */,
				994ED0342E9C116F001C73C3 /* DiaryChartView.swift in Sources */,
				994ED0352E9C116F001C73C3 /* DiaryHistoryView.swift in Sources */,
				994ED0362E9C116F001C73C3 /* DiaryView.swift in Sources */,
				994ED0372E9C116F001C73C3 /* DiaryViewModel.swift in Sources */,
				994ED0382E9C116F001C73C3 /* MoodEntryView.swift in Sources */,
				994ED0392E9C116F001C73C3 /* HabitCreationView.swift in Sources */,
				994ED03A2E9C116F001C73C3 /* HabitDetailView.swift in Sources */,
				994ED03B2E9C116F001C73C3 /* HabitProgressView.swift in Sources */,
				994ED03C2E9C116F001C73C3 /* HabitsView.swift in Sources */,
				994ED03D2E9C116F001C73C3 /* HabitsViewModel.swift in Sources */,
				998E85312E9F61E400A3A367 /* MindAthlete/Debug/DebugConnectView.swift in Sources */,
				994ED03E2E9C116F001C73C3 /* CheckInCard.swift in Sources */,
				994ED03F2E9C116F001C73C3 /* HomeView.swift in Sources */,
				994ED0402E9C116F001C73C3 /* HomeViewModel.swift in Sources */,
				994ED0412E9C116F001C73C3 /* RecommendationCard.swift in Sources */,
				994ED0422E9C116F001C73C3 /* WeeklyProgressView.swift in Sources */,
				994ED0432E9C116F001C73C3 /* ConsentView.swift in Sources */,
				994ED0442E9C116F001C73C3 /* OnboardingView.swift in Sources */,
				994ED0452E9C116F001C73C3 /* OnboardingViewModel.swift in Sources */,
				994ED0462E9C116F001C73C3 /* SportSelectionView.swift in Sources */,
				99A1B2C52F9D123400000006 /* Features/Onboarding/SupabaseEmailAuthView.swift in Sources */,
				99B3EAA12F9D4AA100000009 /* Features/Auth/ForgotPasswordView.swift in Sources */,
				99B3EAA32F9D4AA10000000B /* Features/Auth/NewPasswordView.swift in Sources */,
				994ED0472E9C116F001C73C3 /* NotificationSettingsView.swift in Sources */,
				994ED0482E9C116F001C73C3 /* PlanView.swift in Sources */,
				994ED0492E9C116F001C73C3 /* PrivacySettingsView.swift in Sources */,
				994ED04A2E9C116F001C73C3 /* ProfileView.swift in Sources */,
				994ED04B2E9C116F001C73C3 /* ProfileViewModel.swift in Sources */,
				994ED04C2E9C116F001C73C3 /* BreathingSessionView.swift in Sources */,
				994ED04D2E9C116F001C73C3 /* FocusSessionView.swift in Sources */,
				994ED04E2E9C116F001C73C3 /* MeditationSessionView.swift in Sources */,
				994ED04F2E9C116F001C73C3 /* SessionsView.swift in Sources */,
				994ED0502E9C116F001C73C3 /* SessionsViewModel.swift in Sources */,
				994ED0512E9C116F001C73C3 /* SessionTimerView.swift in Sources */,
				994ED0122E9BFCEA001C73C3 /* AuthServiceTests.swift in Sources */,
				994ED0132E9BFCEA001C73C3 /* AIServiceTests.swift in Sources */,
				994ED0142E9BFCEA001C73C3 /* DatabaseServiceTests.swift in Sources */,
				994ED0152E9BFCEA001C73C3 /* SnaphotTests.swift in Sources */,
				994ECFA22E9B80F4001C73C3 /* APIError.swift in Sources */,
				994ECFA32E9B80F4001C73C3 /* HTTPClient.swift in Sources */,
				994ECFA42E9B80F4001C73C3 /* NetworkModels.swift in Sources */,
				994ECFA52E9B80F4001C73C3 /* AppState.swift in Sources */,
				994ECFA62E9B80F4001C73C3 /* Constants.swift in Sources */,
				994ECFA72E9B80F4001C73C3 /* Extensions.swift in Sources */,
				99A1B2C12F9D123400000002 /* MindAthlete/Services/SupabaseAuthService.swift in Sources */,
				998E852B2E9F5E9300A3A367 /* MindAthlete/Services/SupabaseClientProvider.swift in Sources */,
				99A1B2C32F9D123400000004 /* MindAthlete/Services/SupabaseDatabaseService.swift in Sources */,
				99C5A9F12F9D803A00000005 /* MindAthlete/Services/AgendaProtocols.swift in Sources */,
				99C5A9F32F9D803A00000007 /* MindAthlete/Services/SupabaseAgendaServices.swift in Sources */,
				99C5A9F52F9D86B300000009 /* MindAthlete/Services/QuoteService.swift in Sources */,
				99B3EAA52F9D4AA10000000D /* Data/UserProfilesRepository.swift in Sources */,
				99A1B2C72F9D169C00000008 /* MindAthlete/Services/GoogleAuthBridge.swift in Sources */,
				994ECFA82E9B80F4001C73C3 /* Helpers.swift in Sources */,
				994ECFA92E9B80F4001C73C3 /* HabitDTO.swift in Sources */,
				994ECFAA2E9B80F4001C73C3 /* MoodDTO.swift in Sources */,
				994ECFAB2E9B80F4001C73C3 /* RecommendationDTO.swift in Sources */,
				994ECFAC2E9B80F4001C73C3 /* UserDTO.swift in Sources */,
				994ECFAD2E9B80F4001C73C3 /* Event.swift in Sources */,
				994ECFAE2E9B80F4001C73C3 /* Habit.swift in Sources */,
				994ECFAF2E9B80F4001C73C3 /* HabitLog.swift in Sources */,
				994ECFB02E9B80F4001C73C3 /* Mood.swift in Sources */,
				994ECFB12E9B80F4001C73C3 /* Recommendation.swift in Sources */,
				994ECFB22E9B80F4001C73C3 /* Session.swift in Sources */,
				994ECFB32E9B80F4001C73C3 /* User.swift in Sources */,
				994ECFDA2E9B80F4001C73C3 /* AIService.swift in Sources */,
				994ECFDB2E9B80F4001C73C3 /* AnalyticsService.swift in Sources */,
				994ECFDC2E9B80F4001C73C3 /* AuthService.swift in Sources */,
				994ECFDD2E9B80F4001C73C3 /* DatabaseService.swift in Sources */,
				994ECFDE2E9B80F4001C73C3 /* SupabaseConfiguration.swift in Sources */,
				994ECFDF2E9B80F4001C73C3 /* NotificationService.swift in Sources */,
				994ECFE02E9B80F4001C73C3 /* PurchaseService.swift in Sources */,
				994ECFF72E9BE74A001C73C3 /* RecommendationResponse.swift in Sources */,
			);
			runOnlyForDeploymentPostprocessing = 0;
		};
/* End PBXSourcesBuildPhase section */

/* Begin PBXTargetDependency section */
		994ED0272E9C080F001C73C3 /* PBXTargetDependency */ = {
			isa = PBXTargetDependency;
			target = 997A89662E9B6D060057228A /* MindAthlete */;
			targetProxy = 994ED0262E9C080F001C73C3 /* PBXContainerItemProxy */;
		};
/* End PBXTargetDependency section */

/* Begin XCBuildConfiguration section */
		994ED0282E9C080F001C73C3 /* Debug */ = {
			isa = XCBuildConfiguration;
			buildSettings = {
				CODE_SIGN_STYLE = Automatic;
				CURRENT_PROJECT_VERSION = 1;
				DEVELOPMENT_TEAM = THGV4KQ4HV;
				GENERATE_INFOPLIST_FILE = YES;
				MARKETING_VERSION = 1.0;
				PRODUCT_BUNDLE_IDENTIFIER = com.MindAthleteUITests;
				PRODUCT_NAME = "$(TARGET_NAME)";
				STRING_CATALOG_GENERATE_SYMBOLS = NO;
				SWIFT_APPROACHABLE_CONCURRENCY = YES;
				SWIFT_EMIT_LOC_STRINGS = NO;
				SWIFT_UPCOMING_FEATURE_MEMBER_IMPORT_VISIBILITY = YES;
				SWIFT_VERSION = 5.0;
				TARGETED_DEVICE_FAMILY = "1,2";
				TEST_TARGET_NAME = MindAthlete;
			};
			name = Debug;
		};
		994ED0292E9C080F001C73C3 /* Release */ = {
			isa = XCBuildConfiguration;
			buildSettings = {
				CODE_SIGN_STYLE = Automatic;
				CURRENT_PROJECT_VERSION = 1;
				DEVELOPMENT_TEAM = THGV4KQ4HV;
				GENERATE_INFOPLIST_FILE = YES;
				MARKETING_VERSION = 1.0;
				PRODUCT_BUNDLE_IDENTIFIER = com.MindAthleteUITests;
				PRODUCT_NAME = "$(TARGET_NAME)";
				STRING_CATALOG_GENERATE_SYMBOLS = NO;
				SWIFT_APPROACHABLE_CONCURRENCY = YES;
				SWIFT_EMIT_LOC_STRINGS = NO;
				SWIFT_UPCOMING_FEATURE_MEMBER_IMPORT_VISIBILITY = YES;
				SWIFT_VERSION = 5.0;
				TARGETED_DEVICE_FAMILY = "1,2";
				TEST_TARGET_NAME = MindAthlete;
			};
			name = Release;
		};
		997A89702E9B6D070057228A /* Debug */ = {
			isa = XCBuildConfiguration;
			buildSettings = {
				ALWAYS_SEARCH_USER_PATHS = NO;
				ASSETCATALOG_COMPILER_GENERATE_SWIFT_ASSET_SYMBOL_EXTENSIONS = YES;
				CLANG_ANALYZER_NONNULL = YES;
				CLANG_ANALYZER_NUMBER_OBJECT_CONVERSION = YES_AGGRESSIVE;
				CLANG_CXX_LANGUAGE_STANDARD = "gnu++20";
				CLANG_ENABLE_MODULES = YES;
				CLANG_ENABLE_OBJC_ARC = YES;
				CLANG_ENABLE_OBJC_WEAK = YES;
				CLANG_WARN_BLOCK_CAPTURE_AUTORELEASING = YES;
				CLANG_WARN_BOOL_CONVERSION = YES;
				CLANG_WARN_COMMA = YES;
				CLANG_WARN_CONSTANT_CONVERSION = YES;
				CLANG_WARN_DEPRECATED_OBJC_IMPLEMENTATIONS = YES;
				CLANG_WARN_DIRECT_OBJC_ISA_USAGE = YES_ERROR;
				CLANG_WARN_DOCUMENTATION_COMMENTS = YES;
				CLANG_WARN_EMPTY_BODY = YES;
				CLANG_WARN_ENUM_CONVERSION = YES;
				CLANG_WARN_INFINITE_RECURSION = YES;
				CLANG_WARN_INT_CONVERSION = YES;
				CLANG_WARN_NON_LITERAL_NULL_CONVERSION = YES;
				CLANG_WARN_OBJC_IMPLICIT_RETAIN_SELF = YES;
				CLANG_WARN_OBJC_LITERAL_CONVERSION = YES;
				CLANG_WARN_OBJC_ROOT_CLASS = YES_ERROR;
				CLANG_WARN_QUOTED_INCLUDE_IN_FRAMEWORK_HEADER = YES;
				CLANG_WARN_RANGE_LOOP_ANALYSIS = YES;
				CLANG_WARN_STRICT_PROTOTYPES = YES;
				CLANG_WARN_SUSPICIOUS_MOVE = YES;
				CLANG_WARN_UNGUARDED_AVAILABILITY = YES_AGGRESSIVE;
				CLANG_WARN_UNREACHABLE_CODE = YES;
				CLANG_WARN__DUPLICATE_METHOD_MATCH = YES;
				COPY_PHASE_STRIP = NO;
				DEBUG_INFORMATION_FORMAT = dwarf;
				DEVELOPMENT_TEAM = THGV4KQ4HV;
				ENABLE_STRICT_OBJC_MSGSEND = YES;
				ENABLE_TESTABILITY = YES;
				ENABLE_USER_SCRIPT_SANDBOXING = YES;
				GCC_C_LANGUAGE_STANDARD = gnu17;
				GCC_DYNAMIC_NO_PIC = NO;
				GCC_NO_COMMON_BLOCKS = YES;
				GCC_OPTIMIZATION_LEVEL = 0;
				GCC_PREPROCESSOR_DEFINITIONS = (
					"DEBUG=1",
					"$(inherited)",
				);
				GCC_WARN_64_TO_32_BIT_CONVERSION = YES;
				GCC_WARN_ABOUT_RETURN_TYPE = YES_ERROR;
				GCC_WARN_UNDECLARED_SELECTOR = YES;
				GCC_WARN_UNINITIALIZED_AUTOS = YES_AGGRESSIVE;
				GCC_WARN_UNUSED_FUNCTION = YES;
				GCC_WARN_UNUSED_VARIABLE = YES;
				IPHONEOS_DEPLOYMENT_TARGET = 26.0;
				LOCALIZATION_PREFERS_STRING_CATALOGS = YES;
				MTL_ENABLE_DEBUG_INFO = INCLUDE_SOURCE;
				MTL_FAST_MATH = YES;
				ONLY_ACTIVE_ARCH = YES;
				SDKROOT = iphoneos;
				SWIFT_ACTIVE_COMPILATION_CONDITIONS = "DEBUG $(inherited)";
				SWIFT_OPTIMIZATION_LEVEL = "-Onone";
			};
			name = Debug;
		};
		997A89712E9B6D070057228A /* Release */ = {
			isa = XCBuildConfiguration;
			buildSettings = {
				ALWAYS_SEARCH_USER_PATHS = NO;
				ASSETCATALOG_COMPILER_GENERATE_SWIFT_ASSET_SYMBOL_EXTENSIONS = YES;
				CLANG_ANALYZER_NONNULL = YES;
				CLANG_ANALYZER_NUMBER_OBJECT_CONVERSION = YES_AGGRESSIVE;
				CLANG_CXX_LANGUAGE_STANDARD = "gnu++20";
				CLANG_ENABLE_MODULES = YES;
				CLANG_ENABLE_OBJC_ARC = YES;
				CLANG_ENABLE_OBJC_WEAK = YES;
				CLANG_WARN_BLOCK_CAPTURE_AUTORELEASING = YES;
				CLANG_WARN_BOOL_CONVERSION = YES;
				CLANG_WARN_COMMA = YES;
				CLANG_WARN_CONSTANT_CONVERSION = YES;
				CLANG_WARN_DEPRECATED_OBJC_IMPLEMENTATIONS = YES;
				CLANG_WARN_DIRECT_OBJC_ISA_USAGE = YES_ERROR;
				CLANG_WARN_DOCUMENTATION_COMMENTS = YES;
				CLANG_WARN_EMPTY_BODY = YES;
				CLANG_WARN_ENUM_CONVERSION = YES;
				CLANG_WARN_INFINITE_RECURSION = YES;
				CLANG_WARN_INT_CONVERSION = YES;
				CLANG_WARN_NON_LITERAL_NULL_CONVERSION = YES;
				CLANG_WARN_OBJC_IMPLICIT_RETAIN_SELF = YES;
				CLANG_WARN_OBJC_LITERAL_CONVERSION = YES;
				CLANG_WARN_OBJC_ROOT_CLASS = YES_ERROR;
				CLANG_WARN_QUOTED_INCLUDE_IN_FRAMEWORK_HEADER = YES;
				CLANG_WARN_RANGE_LOOP_ANALYSIS = YES;
				CLANG_WARN_STRICT_PROTOTYPES = YES;
				CLANG_WARN_SUSPICIOUS_MOVE = YES;
				CLANG_WARN_UNGUARDED_AVAILABILITY = YES_AGGRESSIVE;
				CLANG_WARN_UNREACHABLE_CODE = YES;
				CLANG_WARN__DUPLICATE_METHOD_MATCH = YES;
				COPY_PHASE_STRIP = NO;
				DEBUG_INFORMATION_FORMAT = "dwarf-with-dsym";
				DEVELOPMENT_TEAM = THGV4KQ4HV;
				ENABLE_NS_ASSERTIONS = NO;
				ENABLE_STRICT_OBJC_MSGSEND = YES;
				ENABLE_USER_SCRIPT_SANDBOXING = YES;
				GCC_C_LANGUAGE_STANDARD = gnu17;
				GCC_NO_COMMON_BLOCKS = YES;
				GCC_WARN_64_TO_32_BIT_CONVERSION = YES;
				GCC_WARN_ABOUT_RETURN_TYPE = YES_ERROR;
				GCC_WARN_UNDECLARED_SELECTOR = YES;
				GCC_WARN_UNINITIALIZED_AUTOS = YES_AGGRESSIVE;
				GCC_WARN_UNUSED_FUNCTION = YES;
				GCC_WARN_UNUSED_VARIABLE = YES;
				IPHONEOS_DEPLOYMENT_TARGET = 26.0;
				LOCALIZATION_PREFERS_STRING_CATALOGS = YES;
				MTL_ENABLE_DEBUG_INFO = NO;
				MTL_FAST_MATH = YES;
				SDKROOT = iphoneos;
				SWIFT_COMPILATION_MODE = wholemodule;
				VALIDATE_PRODUCT = YES;
			};
			name = Release;
		};
		997A89732E9B6D070057228A /* Debug */ = {
			isa = XCBuildConfiguration;
			buildSettings = {
				ASSETCATALOG_COMPILER_APPICON_NAME = AppIcon;
				ASSETCATALOG_COMPILER_GLOBAL_ACCENT_COLOR_NAME = AccentColor;
				CODE_SIGN_ENTITLEMENTS = MindAthlete/MindAthlete.entitlements;
				CODE_SIGN_STYLE = Automatic;
				CURRENT_PROJECT_VERSION = 1;
				DEVELOPMENT_TEAM = THGV4KQ4HV;
				ENABLE_PREVIEWS = YES;
				GENERATE_INFOPLIST_FILE = YES;
				INFOPLIST_FILE = MindAthlete/Info.plist;
				INFOPLIST_KEY_UIApplicationSceneManifest_Generation = YES;
				INFOPLIST_KEY_UIApplicationSupportsIndirectInputEvents = YES;
				INFOPLIST_KEY_UILaunchScreen_Generation = YES;
				INFOPLIST_KEY_UISupportedInterfaceOrientations_iPad = "UIInterfaceOrientationPortrait UIInterfaceOrientationPortraitUpsideDown UIInterfaceOrientationLandscapeLeft UIInterfaceOrientationLandscapeRight";
				INFOPLIST_KEY_UISupportedInterfaceOrientations_iPhone = "UIInterfaceOrientationPortrait UIInterfaceOrientationLandscapeLeft UIInterfaceOrientationLandscapeRight";
				LD_RUNPATH_SEARCH_PATHS = (
					"$(inherited)",
					"@executable_path/Frameworks",
				);
				MARKETING_VERSION = 1.0;
				PRODUCT_BUNDLE_IDENTIFIER = com.MindAthlete;
				PRODUCT_NAME = "$(TARGET_NAME)";
				STRING_CATALOG_GENERATE_SYMBOLS = YES;
				SWIFT_APPROACHABLE_CONCURRENCY = YES;
				SWIFT_DEFAULT_ACTOR_ISOLATION = MainActor;
				SWIFT_EMIT_LOC_STRINGS = YES;
				SWIFT_UPCOMING_FEATURE_MEMBER_IMPORT_VISIBILITY = YES;
				SWIFT_VERSION = 5.0;
				TARGETED_DEVICE_FAMILY = "1,2";
			};
			name = Debug;
		};
		997A89742E9B6D070057228A /* Release */ = {
			isa = XCBuildConfiguration;
			buildSettings = {
				ASSETCATALOG_COMPILER_APPICON_NAME = AppIcon;
				ASSETCATALOG_COMPILER_GLOBAL_ACCENT_COLOR_NAME = AccentColor;
				CODE_SIGN_ENTITLEMENTS = MindAthlete/MindAthlete.entitlements;
				CODE_SIGN_STYLE = Automatic;
				CURRENT_PROJECT_VERSION = 1;
				DEVELOPMENT_TEAM = THGV4KQ4HV;
				ENABLE_PREVIEWS = YES;
				GENERATE_INFOPLIST_FILE = YES;
				INFOPLIST_FILE = MindAthlete/Info.plist;
				INFOPLIST_KEY_UIApplicationSceneManifest_Generation = YES;
				INFOPLIST_KEY_UIApplicationSupportsIndirectInputEvents = YES;
				INFOPLIST_KEY_UILaunchScreen_Generation = YES;
				INFOPLIST_KEY_UISupportedInterfaceOrientations_iPad = "UIInterfaceOrientationPortrait UIInterfaceOrientationPortraitUpsideDown UIInterfaceOrientationLandscapeLeft UIInterfaceOrientationLandscapeRight";
				INFOPLIST_KEY_UISupportedInterfaceOrientations_iPhone = "UIInterfaceOrientationPortrait UIInterfaceOrientationLandscapeLeft UIInterfaceOrientationLandscapeRight";
				LD_RUNPATH_SEARCH_PATHS = (
					"$(inherited)",
					"@executable_path/Frameworks",
				);
				MARKETING_VERSION = 1.0;
				PRODUCT_BUNDLE_IDENTIFIER = com.MindAthlete;
				PRODUCT_NAME = "$(TARGET_NAME)";
				STRING_CATALOG_GENERATE_SYMBOLS = YES;
				SWIFT_APPROACHABLE_CONCURRENCY = YES;
				SWIFT_DEFAULT_ACTOR_ISOLATION = MainActor;
				SWIFT_EMIT_LOC_STRINGS = YES;
				SWIFT_UPCOMING_FEATURE_MEMBER_IMPORT_VISIBILITY = YES;
				SWIFT_VERSION = 5.0;
				TARGETED_DEVICE_FAMILY = "1,2";
			};
			name = Release;
		};
/* End XCBuildConfiguration section */

/* Begin XCConfigurationList section */
		994ED02A2E9C080F001C73C3 /* Build configuration list for PBXNativeTarget "MindAthleteUITests" */ = {
			isa = XCConfigurationList;
			buildConfigurations = (
				994ED0282E9C080F001C73C3 /* Debug */,
				994ED0292E9C080F001C73C3 /* Release */,
			);
			defaultConfigurationIsVisible = 0;
			defaultConfigurationName = Release;
		};
		997A89622E9B6D050057228A /* Build configuration list for PBXProject "MindAthlete" */ = {
			isa = XCConfigurationList;
			buildConfigurations = (
				997A89702E9B6D070057228A /* Debug */,
				997A89712E9B6D070057228A /* Release */,
			);
			defaultConfigurationIsVisible = 0;
			defaultConfigurationName = Release;
		};
		997A89722E9B6D070057228A /* Build configuration list for PBXNativeTarget "MindAthlete" */ = {
			isa = XCConfigurationList;
			buildConfigurations = (
				997A89732E9B6D070057228A /* Debug */,
				997A89742E9B6D070057228A /* Release */,
			);
			defaultConfigurationIsVisible = 0;
			defaultConfigurationName = Release;
		};
/* End XCConfigurationList section */

/* Begin XCRemoteSwiftPackageReference section */
		99521C092EA1590600731097 /* XCRemoteSwiftPackageReference "GoogleSignIn-iOS" */ = {
			isa = XCRemoteSwiftPackageReference;
			repositoryURL = "https://github.com/google/GoogleSignIn-iOS";
			requirement = {
				kind = upToNextMajorVersion;
				minimumVersion = 9.0.0;
			};
		};
		998E85292E9F5DC100A3A367 /* XCRemoteSwiftPackageReference "supabase-swift" */ = {
			isa = XCRemoteSwiftPackageReference;
			repositoryURL = "https://github.com/supabase-community/supabase-swift";
			requirement = {
				kind = upToNextMajorVersion;
				minimumVersion = 2.5.1;
			};
		};
/* End XCRemoteSwiftPackageReference section */

/* Begin XCSwiftPackageProductDependency section */
		99521C0A2EA1590600731097 /* GoogleSignIn */ = {
			isa = XCSwiftPackageProductDependency;
			package = 99521C092EA1590600731097 /* XCRemoteSwiftPackageReference "GoogleSignIn-iOS" */;
			productName = GoogleSignIn;
		};
		99521C0C2EA1590600731097 /* GoogleSignInSwift */ = {
			isa = XCSwiftPackageProductDependency;
			package = 99521C092EA1590600731097 /* XCRemoteSwiftPackageReference "GoogleSignIn-iOS" */;
			productName = GoogleSignInSwift;
		};
		998E852D2E9F5FBA00A3A367 /* Supabase */ = {
			isa = XCSwiftPackageProductDependency;
			package = 998E85292E9F5DC100A3A367 /* XCRemoteSwiftPackageReference "supabase-swift" */;
			productName = Supabase;
		};
/* End XCSwiftPackageProductDependency section */
	};
	rootObject = 997A895F2E9B6D050057228A /* Project object */;
}
